
Microsoft Visual Studio Solution File, Format Version 11.00
# Visual Studio 2012
Project("{8BC9CEB8-8B4A-11D0-8D11-00A0C91BC942}") = "3d", "3d.vcxproj", "{CAA0488B-34C4-4469-98BB-EC16D9CF5953}"
EndProject
Project("{8BC9CEB8-8B4A-11D0-8D11-00A0C91BC942}") = "asyncio", "asyncio.vcxproj", "{D57C3E3A-B860-4B18-9C14-A14C54624870}"
EndProject
Project("{8BC9CEB8-8B4A-11D0-8D11-00A0C91BC942}") = "channel_groups", "channel_groups.vcxproj", "{AAB081D0-C4D6-488D-B43A-E2C56DD10298}"
EndProject
Project("{8BC9CEB8-8B4A-11D0-8D11-00A0C91BC942}") = "convolution_reverb", "convolution_reverb.vcxproj", "{3128CDAB-012D-4323-9126-374C9F93BA3A}"
EndProject
Project("{8BC9CEB8-8B4A-11D0-8D11-00A0C91BC942}") = "dsp_custom", "dsp_custom.vcxproj", "{6A0C1EA4-913E-4B5C-8A5A-FF166A4AA46B}"
EndProject
Project("{8BC9CEB8-8B4A-11D0-8D11-00A0C91BC942}") = "dsp_effect_per_speaker", "dsp_effect_per_speaker.vcxproj", "{B69C755A-F8BB-41DB-B34E-9B459F23CE96}"
EndProject
Project("{8BC9CEB8-8B4A-11D0-8D11-00A0C91BC942}") = "dsp_inspector", "dsp_inspector.vcxproj", "{B089C9A2-8BCC-46F8-8F57-13BD4378D6D8}"
EndProject
Project("{8BC9CEB8-8B4A-11D0-8D11-00A0C91BC942}") = "effects", "effects.vcxproj", "{5E89783A-A90C-45A6-89A8-9B89B9046889}"
EndProject
Project("{8BC9CEB8-8B4A-11D0-8D11-00A0C91BC942}") = "gapless_playback", "gapless_playback.vcxproj", "{1A7E798A-4838-46A1-907D-3FDFEBFEA652}"
EndProject
Project("{8BC9CEB8-8B4A-11D0-8D11-00A0C91BC942}") = "generate_tone", "generate_tone.vcxproj", "{857F11B1-5479-4C4F-B50F-7D6757279D44}"
EndProject
Project("{8BC9CEB8-8B4A-11D0-8D11-00A0C91BC942}") = "granular_synth", "granular_synth.vcxproj", "{64F39276-B7BB-4077-8723-77B6BE8DFA71}"
EndProject
Project("{8BC9CEB8-8B4A-11D0-8D11-00A0C91BC942}") = "load_from_memory", "load_from_memory.vcxproj", "{00FE85EC-81ED-436C-B926-548836060AE3}"
EndProject
Project("{8BC9CEB8-8B4A-11D0-8D11-00A0C91BC942}") = "multiple_speaker", "multiple_speaker.vcxproj", "{0C3B316B-8B75-41DB-8572-6E13AE752027}"
EndProject
Project("{8BC9CEB8-8B4A-11D0-8D11-00A0C91BC942}") = "multiple_system", "multiple_system.vcxproj", "{E89B87C3-2B94-43E2-98FA-401AA6FC7679}"
EndProject
Project("{8BC9CEB8-8B4A-11D0-8D11-00A0C91BC942}") = "net_stream", "net_stream.vcxproj", "{534DB165-8FF9-4EE2-B8AD-23340370241A}"
EndProject
Project("{8BC9CEB8-8B4A-11D0-8D11-00A0C91BC942}") = "play_sound", "play_sound.vcxproj", "{AB766E91-F6DC-4C71-911F-4824E3517051}"
EndProject
Project("{8BC9CEB8-8B4A-11D0-8D11-00A0C91BC942}") = "play_stream", "play_stream.vcxproj", "{E7A3468C-5871-432B-9E05-0CAA420128F3}"
EndProject
Project("{8BC9CEB8-8B4A-11D0-8D11-00A0C91BC942}") = "record", "record.vcxproj", "{098544E9-F651-40B1-B445-FE35183797FA}"
EndProject
Project("{8BC9CEB8-8B4A-11D0-8D11-00A0C91BC942}") = "record_enumeration", "record_enumeration.vcxproj", "{12CFF5B7-8483-41D8-9C3A-5E2089C95F05}"
EndProject
Project("{8BC9CEB8-8B4A-11D0-8D11-00A0C91BC942}") = "user_created_sound", "user_created_sound.vcxproj", "{CBAC60DE-8F36-43E7-9825-EF422490CB81}"
EndProject
Project("{8BC9CEB8-8B4A-11D0-8D11-00A0C91BC942}") = "fmod_codec_raw", "fmod_codec_raw.vcxproj", "{FA4A2A0F-0208-4E7E-B9B7-B787737AC969}"
EndProject
Project("{8BC9CEB8-8B4A-11D0-8D11-00A0C91BC942}") = "fmod_distance_filter", "fmod_distance_filter.vcxproj", "{C2609A7A-0938-49FC-9573-ED8589DCA245}"
EndProject
Project("{8BC9CEB8-8B4A-11D0-8D11-00A0C91BC942}") = "fmod_gain", "fmod_gain.vcxproj", "{A7EE1EEE-C339-4EFA-846D-EC74DE73EB99}"
EndProject
Project("{8BC9CEB8-8B4A-11D0-8D11-00A0C91BC942}") = "fmod_noise", "fmod_noise.vcxproj", "{46757884-23A6-40AF-A98F-4FCD5D867B56}"
EndProject
Project("{8BC9CEB8-8B4A-11D0-8D11-00A0C91BC942}") = "output_mp3", "output_mp3.vcxproj", "{6AD34ABB-613E-4CF0-909F-ED66D685E0A8}"
EndProject
Global
	GlobalSection(SolutionConfigurationPlatforms) = preSolution
		Debug|Win32 = Debug|Win32
		Debug|x64 = Debug|x64
		Release|Win32 = Release|Win32
		Release|x64 = Release|x64
	EndGlobalSection
	GlobalSection(ProjectConfigurationPlatforms) = postSolution
		{CAA0488B-34C4-4469-98BB-EC16D9CF5953}.Debug|Win32.ActiveCfg = Debug|Win32
		{CAA0488B-34C4-4469-98BB-EC16D9CF5953}.Debug|Win32.Build.0 = Debug|Win32
		{CAA0488B-34C4-4469-98BB-EC16D9CF5953}.Debug|Win32.Deploy.0 = Debug|Win32
		{CAA0488B-34C4-4469-98BB-EC16D9CF5953}.Debug|x64.ActiveCfg = Debug|x64
		{CAA0488B-34C4-4469-98BB-EC16D9CF5953}.Debug|x64.Build.0 = Debug|x64
		{CAA0488B-34C4-4469-98BB-EC16D9CF5953}.Debug|x64.Deploy.0 = Debug|x64
		{CAA0488B-34C4-4469-98BB-EC16D9CF5953}.Release|Win32.ActiveCfg = Release|Win32
		{CAA0488B-34C4-4469-98BB-EC16D9CF5953}.Release|Win32.Build.0 = Release|Win32
		{CAA0488B-34C4-4469-98BB-EC16D9CF5953}.Release|Win32.Deploy.0 = Release|Win32
		{CAA0488B-34C4-4469-98BB-EC16D9CF5953}.Release|x64.ActiveCfg = Release|x64
		{CAA0488B-34C4-4469-98BB-EC16D9CF5953}.Release|x64.Build.0 = Release|x64
		{CAA0488B-34C4-4469-98BB-EC16D9CF5953}.Release|x64.Deploy.0 = Release|x64
		{D57C3E3A-B860-4B18-9C14-A14C54624870}.Debug|Win32.ActiveCfg = Debug|Win32
		{D57C3E3A-B860-4B18-9C14-A14C54624870}.Debug|Win32.Build.0 = Debug|Win32
		{D57C3E3A-B860-4B18-9C14-A14C54624870}.Debug|Win32.Deploy.0 = Debug|Win32
		{D57C3E3A-B860-4B18-9C14-A14C54624870}.Debug|x64.ActiveCfg = Debug|x64
		{D57C3E3A-B860-4B18-9C14-A14C54624870}.Debug|x64.Build.0 = Debug|x64
		{D57C3E3A-B860-4B18-9C14-A14C54624870}.Debug|x64.Deploy.0 = Debug|x64
		{D57C3E3A-B860-4B18-9C14-A14C54624870}.Release|Win32.ActiveCfg = Release|Win32
		{D57C3E3A-B860-4B18-9C14-A14C54624870}.Release|Win32.Build.0 = Release|Win32
		{D57C3E3A-B860-4B18-9C14-A14C54624870}.Release|Win32.Deploy.0 = Release|Win32
		{D57C3E3A-B860-4B18-9C14-A14C54624870}.Release|x64.ActiveCfg = Release|x64
		{D57C3E3A-B860-4B18-9C14-A14C54624870}.Release|x64.Build.0 = Release|x64
		{D57C3E3A-B860-4B18-9C14-A14C54624870}.Release|x64.Deploy.0 = Release|x64
		{AAB081D0-C4D6-488D-B43A-E2C56DD10298}.Debug|Win32.ActiveCfg = Debug|Win32
		{AAB081D0-C4D6-488D-B43A-E2C56DD10298}.Debug|Win32.Build.0 = Debug|Win32
		{AAB081D0-C4D6-488D-B43A-E2C56DD10298}.Debug|Win32.Deploy.0 = Debug|Win32
		{AAB081D0-C4D6-488D-B43A-E2C56DD10298}.Debug|x64.ActiveCfg = Debug|x64
		{AAB081D0-C4D6-488D-B43A-E2C56DD10298}.Debug|x64.Build.0 = Debug|x64
		{AAB081D0-C4D6-488D-B43A-E2C56DD10298}.Debug|x64.Deploy.0 = Debug|x64
		{AAB081D0-C4D6-488D-B43A-E2C56DD10298}.Release|Win32.ActiveCfg = Release|Win32
		{AAB081D0-C4D6-488D-B43A-E2C56DD10298}.Release|Win32.Build.0 = Release|Win32
		{AAB081D0-C4D6-488D-B43A-E2C56DD10298}.Release|Win32.Deploy.0 = Release|Win32
		{AAB081D0-C4D6-488D-B43A-E2C56DD10298}.Release|x64.ActiveCfg = Release|x64
		{AAB081D0-C4D6-488D-B43A-E2C56DD10298}.Release|x64.Build.0 = Release|x64
		{AAB081D0-C4D6-488D-B43A-E2C56DD10298}.Release|x64.Deploy.0 = Release|x64
		{3128CDAB-012D-4323-9126-374C9F93BA3A}.Debug|Win32.ActiveCfg = Debug|Win32
		{3128CDAB-012D-4323-9126-374C9F93BA3A}.Debug|Win32.Build.0 = Debug|Win32
		{3128CDAB-012D-4323-9126-374C9F93BA3A}.Debug|Win32.Deploy.0 = Debug|Win32
		{3128CDAB-012D-4323-9126-374C9F93BA3A}.Debug|x64.ActiveCfg = Debug|x64
		{3128CDAB-012D-4323-9126-374C9F93BA3A}.Debug|x64.Build.0 = Debug|x64
		{3128CDAB-012D-4323-9126-374C9F93BA3A}.Debug|x64.Deploy.0 = Debug|x64
		{3128CDAB-012D-4323-9126-374C9F93BA3A}.Release|Win32.ActiveCfg = Release|Win32
		{3128CDAB-012D-4323-9126-374C9F93BA3A}.Release|Win32.Build.0 = Release|Win32
		{3128CDAB-012D-4323-9126-374C9F93BA3A}.Release|Win32.Deploy.0 = Release|Win32
		{3128CDAB-012D-4323-9126-374C9F93BA3A}.Release|x64.ActiveCfg = Release|x64
		{3128CDAB-012D-4323-9126-374C9F93BA3A}.Release|x64.Build.0 = Release|x64
		{3128CDAB-012D-4323-9126-374C9F93BA3A}.Release|x64.Deploy.0 = Release|x64
		{6A0C1EA4-913E-4B5C-8A5A-FF166A4AA46B}.Debug|Win32.ActiveCfg = Debug|Win32
		{6A0C1EA4-913E-4B5C-8A5A-FF166A4AA46B}.Debug|Win32.Build.0 = Debug|Win32
		{6A0C1EA4-913E-4B5C-8A5A-FF166A4AA46B}.Debug|Win32.Deploy.0 = Debug|Win32
		{6A0C1EA4-913E-4B5C-8A5A-FF166A4AA46B}.Debug|x64.ActiveCfg = Debug|x64
		{6A0C1EA4-913E-4B5C-8A5A-FF166A4AA46B}.Debug|x64.Build.0 = Debug|x64
		{6A0C1EA4-913E-4B5C-8A5A-FF166A4AA46B}.Debug|x64.Deploy.0 = Debug|x64
		{6A0C1EA4-913E-4B5C-8A5A-FF166A4AA46B}.Release|Win32.ActiveCfg = Release|Win32
		{6A0C1EA4-913E-4B5C-8A5A-FF166A4AA46B}.Release|Win32.Build.0 = Release|Win32
		{6A0C1EA4-913E-4B5C-8A5A-FF166A4AA46B}.Release|Win32.Deploy.0 = Release|Win32
		{6A0C1EA4-913E-4B5C-8A5A-FF166A4AA46B}.Release|x64.ActiveCfg = Release|x64
		{6A0C1EA4-913E-4B5C-8A5A-FF166A4AA46B}.Release|x64.Build.0 = Release|x64
		{6A0C1EA4-913E-4B5C-8A5A-FF166A4AA46B}.Release|x64.Deploy.0 = Release|x64
		{B69C755A-F8BB-41DB-B34E-9B459F23CE96}.Debug|Win32.ActiveCfg = Debug|Win32
		{B69C755A-F8BB-41DB-B34E-9B459F23CE96}.Debug|Win32.Build.0 = Debug|Win32
		{B69C755A-F8BB-41DB-B34E-9B459F23CE96}.Debug|Win32.Deploy.0 = Debug|Win32
		{B69C755A-F8BB-41DB-B34E-9B459F23CE96}.Debug|x64.ActiveCfg = Debug|x64
		{B69C755A-F8BB-41DB-B34E-9B459F23CE96}.Debug|x64.Build.0 = Debug|x64
		{B69C755A-F8BB-41DB-B34E-9B459F23CE96}.Debug|x64.Deploy.0 = Debug|x64
		{B69C755A-F8BB-41DB-B34E-9B459F23CE96}.Release|Win32.ActiveCfg = Release|Win32
		{B69C755A-F8BB-41DB-B34E-9B459F23CE96}.Release|Win32.Build.0 = Release|Win32
		{B69C755A-F8BB-41DB-B34E-9B459F23CE96}.Release|Win32.Deploy.0 = Release|Win32
		{B69C755A-F8BB-41DB-B34E-9B459F23CE96}.Release|x64.ActiveCfg = Release|x64
		{B69C755A-F8BB-41DB-B34E-9B459F23CE96}.Release|x64.Build.0 = Release|x64
		{B69C755A-F8BB-41DB-B34E-9B459F23CE96}.Release|x64.Deploy.0 = Release|x64
		{B089C9A2-8BCC-46F8-8F57-13BD4378D6D8}.Debug|Win32.ActiveCfg = Debug|Win32
		{B089C9A2-8BCC-46F8-8F57-13BD4378D6D8}.Debug|Win32.Build.0 = Debug|Win32
		{B089C9A2-8BCC-46F8-8F57-13BD4378D6D8}.Debug|Win32.Deploy.0 = Debug|Win32
		{B089C9A2-8BCC-46F8-8F57-13BD4378D6D8}.Debug|x64.ActiveCfg = Debug|x64
		{B089C9A2-8BCC-46F8-8F57-13BD4378D6D8}.Debug|x64.Build.0 = Debug|x64
		{B089C9A2-8BCC-46F8-8F57-13BD4378D6D8}.Debug|x64.Deploy.0 = Debug|x64
		{B089C9A2-8BCC-46F8-8F57-13BD4378D6D8}.Release|Win32.ActiveCfg = Release|Win32
		{B089C9A2-8BCC-46F8-8F57-13BD4378D6D8}.Release|Win32.Build.0 = Release|Win32
		{B089C9A2-8BCC-46F8-8F57-13BD4378D6D8}.Release|Win32.Deploy.0 = Release|Win32
		{B089C9A2-8BCC-46F8-8F57-13BD4378D6D8}.Release|x64.ActiveCfg = Release|x64
		{B089C9A2-8BCC-46F8-8F57-13BD4378D6D8}.Release|x64.Build.0 = Release|x64
		{B089C9A2-8BCC-46F8-8F57-13BD4378D6D8}.Release|x64.Deploy.0 = Release|x64
		{5E89783A-A90C-45A6-89A8-9B89B9046889}.Debug|Win32.ActiveCfg = Debug|Win32
		{5E89783A-A90C-45A6-89A8-9B89B9046889}.Debug|Win32.Build.0 = Debug|Win32
		{5E89783A-A90C-45A6-89A8-9B89B9046889}.Debug|Win32.Deploy.0 = Debug|Win32
		{5E89783A-A90C-45A6-89A8-9B89B9046889}.Debug|x64.ActiveCfg = Debug|x64
		{5E89783A-A90C-45A6-89A8-9B89B9046889}.Debug|x64.Build.0 = Debug|x64
		{5E89783A-A90C-45A6-89A8-9B89B9046889}.Debug|x64.Deploy.0 = Debug|x64
		{5E89783A-A90C-45A6-89A8-9B89B9046889}.Release|Win32.ActiveCfg = Release|Win32
		{5E89783A-A90C-45A6-89A8-9B89B9046889}.Release|Win32.Build.0 = Release|Win32
		{5E89783A-A90C-45A6-89A8-9B89B9046889}.Release|Win32.Deploy.0 = Release|Win32
		{5E89783A-A90C-45A6-89A8-9B89B9046889}.Release|x64.ActiveCfg = Release|x64
		{5E89783A-A90C-45A6-89A8-9B89B9046889}.Release|x64.Build.0 = Release|x64
		{5E89783A-A90C-45A6-89A8-9B89B9046889}.Release|x64.Deploy.0 = Release|x64
		{1A7E798A-4838-46A1-907D-3FDFEBFEA652}.Debug|Win32.ActiveCfg = Debug|Win32
		{1A7E798A-4838-46A1-907D-3FDFEBFEA652}.Debug|Win32.Build.0 = Debug|Win32
		{1A7E798A-4838-46A1-907D-3FDFEBFEA652}.Debug|Win32.Deploy.0 = Debug|Win32
		{1A7E798A-4838-46A1-907D-3FDFEBFEA652}.Debug|x64.ActiveCfg = Debug|x64
		{1A7E798A-4838-46A1-907D-3FDFEBFEA652}.Debug|x64.Build.0 = Debug|x64
		{1A7E798A-4838-46A1-907D-3FDFEBFEA652}.Debug|x64.Deploy.0 = Debug|x64
		{1A7E798A-4838-46A1-907D-3FDFEBFEA652}.Release|Win32.ActiveCfg = Release|Win32
		{1A7E798A-4838-46A1-907D-3FDFEBFEA652}.Release|Win32.Build.0 = Release|Win32
		{1A7E798A-4838-46A1-907D-3FDFEBFEA652}.Release|Win32.Deploy.0 = Release|Win32
		{1A7E798A-4838-46A1-907D-3FDFEBFEA652}.Release|x64.ActiveCfg = Release|x64
		{1A7E798A-4838-46A1-907D-3FDFEBFEA652}.Release|x64.Build.0 = Release|x64
		{1A7E798A-4838-46A1-907D-3FDFEBFEA652}.Release|x64.Deploy.0 = Release|x64
		{857F11B1-5479-4C4F-B50F-7D6757279D44}.Debug|Win32.ActiveCfg = Debug|Win32
		{857F11B1-5479-4C4F-B50F-7D6757279D44}.Debug|Win32.Build.0 = Debug|Win32
		{857F11B1-5479-4C4F-B50F-7D6757279D44}.Debug|Win32.Deploy.0 = Debug|Win32
		{857F11B1-5479-4C4F-B50F-7D6757279D44}.Debug|x64.ActiveCfg = Debug|x64
		{857F11B1-5479-4C4F-B50F-7D6757279D44}.Debug|x64.Build.0 = Debug|x64
		{857F11B1-5479-4C4F-B50F-7D6757279D44}.Debug|x64.Deploy.0 = Debug|x64
		{857F11B1-5479-4C4F-B50F-7D6757279D44}.Release|Win32.ActiveCfg = Release|Win32
		{857F11B1-5479-4C4F-B50F-7D6757279D44}.Release|Win32.Build.0 = Release|Win32
		{857F11B1-5479-4C4F-B50F-7D6757279D44}.Release|Win32.Deploy.0 = Release|Win32
		{857F11B1-5479-4C4F-B50F-7D6757279D44}.Release|x64.ActiveCfg = Release|x64
		{857F11B1-5479-4C4F-B50F-7D6757279D44}.Release|x64.Build.0 = Release|x64
		{857F11B1-5479-4C4F-B50F-7D6757279D44}.Release|x64.Deploy.0 = Release|x64
		{64F39276-B7BB-4077-8723-77B6BE8DFA71}.Debug|Win32.ActiveCfg = Debug|Win32
		{64F39276-B7BB-4077-8723-77B6BE8DFA71}.Debug|Win32.Build.0 = Debug|Win32
		{64F39276-B7BB-4077-8723-77B6BE8DFA71}.Debug|Win32.Deploy.0 = Debug|Win32
		{64F39276-B7BB-4077-8723-77B6BE8DFA71}.Debug|x64.ActiveCfg = Debug|x64
		{64F39276-B7BB-4077-8723-77B6BE8DFA71}.Debug|x64.Build.0 = Debug|x64
		{64F39276-B7BB-4077-8723-77B6BE8DFA71}.Debug|x64.Deploy.0 = Debug|x64
		{64F39276-B7BB-4077-8723-77B6BE8DFA71}.Release|Win32.ActiveCfg = Release|Win32
		{64F39276-B7BB-4077-8723-77B6BE8DFA71}.Release|Win32.Build.0 = Release|Win32
		{64F39276-B7BB-4077-8723-77B6BE8DFA71}.Release|Win32.Deploy.0 = Release|Win32
		{64F39276-B7BB-4077-8723-77B6BE8DFA71}.Release|x64.ActiveCfg = Release|x64
		{64F39276-B7BB-4077-8723-77B6BE8DFA71}.Release|x64.Build.0 = Release|x64
		{64F39276-B7BB-4077-8723-77B6BE8DFA71}.Release|x64.Deploy.0 = Release|x64
		{00FE85EC-81ED-436C-B926-548836060AE3}.Debug|Win32.ActiveCfg = Debug|Win32
		{00FE85EC-81ED-436C-B926-548836060AE3}.Debug|Win32.Build.0 = Debug|Win32
		{00FE85EC-81ED-436C-B926-548836060AE3}.Debug|Win32.Deploy.0 = Debug|Win32
		{00FE85EC-81ED-436C-B926-548836060AE3}.Debug|x64.ActiveCfg = Debug|x64
		{00FE85EC-81ED-436C-B926-548836060AE3}.Debug|x64.Build.0 = Debug|x64
		{00FE85EC-81ED-436C-B926-548836060AE3}.Debug|x64.Deploy.0 = Debug|x64
		{00FE85EC-81ED-436C-B926-548836060AE3}.Release|Win32.ActiveCfg = Release|Win32
		{00FE85EC-81ED-436C-B926-548836060AE3}.Release|Win32.Build.0 = Release|Win32
		{00FE85EC-81ED-436C-B926-548836060AE3}.Release|Win32.Deploy.0 = Release|Win32
		{00FE85EC-81ED-436C-B926-548836060AE3}.Release|x64.ActiveCfg = Release|x64
		{00FE85EC-81ED-436C-B926-548836060AE3}.Release|x64.Build.0 = Release|x64
		{00FE85EC-81ED-436C-B926-548836060AE3}.Release|x64.Deploy.0 = Release|x64
		{0C3B316B-8B75-41DB-8572-6E13AE752027}.Debug|Win32.ActiveCfg = Debug|Win32
		{0C3B316B-8B75-41DB-8572-6E13AE752027}.Debug|Win32.Build.0 = Debug|Win32
		{0C3B316B-8B75-41DB-8572-6E13AE752027}.Debug|Win32.Deploy.0 = Debug|Win32
		{0C3B316B-8B75-41DB-8572-6E13AE752027}.Debug|x64.ActiveCfg = Debug|x64
		{0C3B316B-8B75-41DB-8572-6E13AE752027}.Debug|x64.Build.0 = Debug|x64
		{0C3B316B-8B75-41DB-8572-6E13AE752027}.Debug|x64.Deploy.0 = Debug|x64
		{0C3B316B-8B75-41DB-8572-6E13AE752027}.Release|Win32.ActiveCfg = Release|Win32
		{0C3B316B-8B75-41DB-8572-6E13AE752027}.Release|Win32.Build.0 = Release|Win32
		{0C3B316B-8B75-41DB-8572-6E13AE752027}.Release|Win32.Deploy.0 = Release|Win32
		{0C3B316B-8B75-41DB-8572-6E13AE752027}.Release|x64.ActiveCfg = Release|x64
		{0C3B316B-8B75-41DB-8572-6E13AE752027}.Release|x64.Build.0 = Release|x64
		{0C3B316B-8B75-41DB-8572-6E13AE752027}.Release|x64.Deploy.0 = Release|x64
		{E89B87C3-2B94-43E2-98FA-401AA6FC7679}.Debug|Win32.ActiveCfg = Debug|Win32
		{E89B87C3-2B94-43E2-98FA-401AA6FC7679}.Debug|Win32.Build.0 = Debug|Win32
		{E89B87C3-2B94-43E2-98FA-401AA6FC7679}.Debug|Win32.Deploy.0 = Debug|Win32
		{E89B87C3-2B94-43E2-98FA-401AA6FC7679}.Debug|x64.ActiveCfg = Debug|x64
		{E89B87C3-2B94-43E2-98FA-401AA6FC7679}.Debug|x64.Build.0 = Debug|x64
		{E89B87C3-2B94-43E2-98FA-401AA6FC7679}.Debug|x64.Deploy.0 = Debug|x64
		{E89B87C3-2B94-43E2-98FA-401AA6FC7679}.Release|Win32.ActiveCfg = Release|Win32
		{E89B87C3-2B94-43E2-98FA-401AA6FC7679}.Release|Win32.Build.0 = Release|Win32
		{E89B87C3-2B94-43E2-98FA-401AA6FC7679}.Release|Win32.Deploy.0 = Release|Win32
		{E89B87C3-2B94-43E2-98FA-401AA6FC7679}.Release|x64.ActiveCfg = Release|x64
		{E89B87C3-2B94-43E2-98FA-401AA6FC7679}.Release|x64.Build.0 = Release|x64
		{E89B87C3-2B94-43E2-98FA-401AA6FC7679}.Release|x64.Deploy.0 = Release|x64
		{534DB165-8FF9-4EE2-B8AD-23340370241A}.Debug|Win32.ActiveCfg = Debug|Win32
		{534DB165-8FF9-4EE2-B8AD-23340370241A}.Debug|Win32.Build.0 = Debug|Win32
		{534DB165-8FF9-4EE2-B8AD-23340370241A}.Debug|Win32.Deploy.0 = Debug|Win32
		{534DB165-8FF9-4EE2-B8AD-23340370241A}.Debug|x64.ActiveCfg = Debug|x64
		{534DB165-8FF9-4EE2-B8AD-23340370241A}.Debug|x64.Build.0 = Debug|x64
		{534DB165-8FF9-4EE2-B8AD-23340370241A}.Debug|x64.Deploy.0 = Debug|x64
		{534DB165-8FF9-4EE2-B8AD-23340370241A}.Release|Win32.ActiveCfg = Release|Win32
		{534DB165-8FF9-4EE2-B8AD-23340370241A}.Release|Win32.Build.0 = Release|Win32
		{534DB165-8FF9-4EE2-B8AD-23340370241A}.Release|Win32.Deploy.0 = Release|Win32
		{534DB165-8FF9-4EE2-B8AD-23340370241A}.Release|x64.ActiveCfg = Release|x64
		{534DB165-8FF9-4EE2-B8AD-23340370241A}.Release|x64.Build.0 = Release|x64
		{534DB165-8FF9-4EE2-B8AD-23340370241A}.Release|x64.Deploy.0 = Release|x64
		{AB766E91-F6DC-4C71-911F-4824E3517051}.Debug|Win32.ActiveCfg = Debug|Win32
		{AB766E91-F6DC-4C71-911F-4824E3517051}.Debug|Win32.Build.0 = Debug|Win32
		{AB766E91-F6DC-4C71-911F-4824E3517051}.Debug|Win32.Deploy.0 = Debug|Win32
		{AB766E91-F6DC-4C71-911F-4824E3517051}.Debug|x64.ActiveCfg = Debug|x64
		{AB766E91-F6DC-4C71-911F-4824E3517051}.Debug|x64.Build.0 = Debug|x64
		{AB766E91-F6DC-4C71-911F-4824E3517051}.Debug|x64.Deploy.0 = Debug|x64
		{AB766E91-F6DC-4C71-911F-4824E3517051}.Release|Win32.ActiveCfg = Release|Win32
		{AB766E91-F6DC-4C71-911F-4824E3517051}.Release|Win32.Build.0 = Release|Win32
		{AB766E91-F6DC-4C71-911F-4824E3517051}.Release|Win32.Deploy.0 = Release|Win32
		{AB766E91-F6DC-4C71-911F-4824E3517051}.Release|x64.ActiveCfg = Release|x64
		{AB766E91-F6DC-4C71-911F-4824E3517051}.Release|x64.Build.0 = Release|x64
		{AB766E91-F6DC-4C71-911F-4824E3517051}.Release|x64.Deploy.0 = Release|x64
		{E7A3468C-5871-432B-9E05-0CAA420128F3}.Debug|Win32.ActiveCfg = Debug|Win32
		{E7A3468C-5871-432B-9E05-0CAA420128F3}.Debug|Win32.Build.0 = Debug|Win32
		{E7A3468C-5871-432B-9E05-0CAA420128F3}.Debug|Win32.Deploy.0 = Debug|Win32
		{E7A3468C-5871-432B-9E05-0CAA420128F3}.Debug|x64.ActiveCfg = Debug|x64
		{E7A3468C-5871-432B-9E05-0CAA420128F3}.Debug|x64.Build.0 = Debug|x64
		{E7A3468C-5871-432B-9E05-0CAA420128F3}.Debug|x64.Deploy.0 = Debug|x64
		{E7A3468C-5871-432B-9E05-0CAA420128F3}.Release|Win32.ActiveCfg = Release|Win32
		{E7A3468C-5871-432B-9E05-0CAA420128F3}.Release|Win32.Build.0 = Release|Win32
		{E7A3468C-5871-432B-9E05-0CAA420128F3}.Release|Win32.Deploy.0 = Release|Win32
		{E7A3468C-5871-432B-9E05-0CAA420128F3}.Release|x64.ActiveCfg = Release|x64
		{E7A3468C-5871-432B-9E05-0CAA420128F3}.Release|x64.Build.0 = Release|x64
		{E7A3468C-5871-432B-9E05-0CAA420128F3}.Release|x64.Deploy.0 = Release|x64
		{098544E9-F651-40B1-B445-FE35183797FA}.Debug|Win32.ActiveCfg = Debug|Win32
		{098544E9-F651-40B1-B445-FE35183797FA}.Debug|Win32.Build.0 = Debug|Win32
		{098544E9-F651-40B1-B445-FE35183797FA}.Debug|Win32.Deploy.0 = Debug|Win32
		{098544E9-F651-40B1-B445-FE35183797FA}.Debug|x64.ActiveCfg = Debug|x64
		{098544E9-F651-40B1-B445-FE35183797FA}.Debug|x64.Build.0 = Debug|x64
		{098544E9-F651-40B1-B445-FE35183797FA}.Debug|x64.Deploy.0 = Debug|x64
		{098544E9-F651-40B1-B445-FE35183797FA}.Release|Win32.ActiveCfg = Release|Win32
		{098544E9-F651-40B1-B445-FE35183797FA}.Release|Win32.Build.0 = Release|Win32
		{098544E9-F651-40B1-B445-FE35183797FA}.Release|Win32.Deploy.0 = Release|Win32
		{098544E9-F651-40B1-B445-FE35183797FA}.Release|x64.ActiveCfg = Release|x64
		{098544E9-F651-40B1-B445-FE35183797FA}.Release|x64.Build.0 = Release|x64
		{098544E9-F651-40B1-B445-FE35183797FA}.Release|x64.Deploy.0 = Release|x64
		{12CFF5B7-8483-41D8-9C3A-5E2089C95F05}.Debug|Win32.ActiveCfg = Debug|Win32
		{12CFF5B7-8483-41D8-9C3A-5E2089C95F05}.Debug|Win32.Build.0 = Debug|Win32
		{12CFF5B7-8483-41D8-9C3A-5E2089C95F05}.Debug|Win32.Deploy.0 = Debug|Win32
		{12CFF5B7-8483-41D8-9C3A-5E2089C95F05}.Debug|x64.ActiveCfg = Debug|x64
		{12CFF5B7-8483-41D8-9C3A-5E2089C95F05}.Debug|x64.Build.0 = Debug|x64
		{12CFF5B7-8483-41D8-9C3A-5E2089C95F05}.Debug|x64.Deploy.0 = Debug|x64
		{12CFF5B7-8483-41D8-9C3A-5E2089C95F05}.Release|Win32.ActiveCfg = Release|Win32
		{12CFF5B7-8483-41D8-9C3A-5E2089C95F05}.Release|Win32.Build.0 = Release|Win32
		{12CFF5B7-8483-41D8-9C3A-5E2089C95F05}.Release|Win32.Deploy.0 = Release|Win32
		{12CFF5B7-8483-41D8-9C3A-5E2089C95F05}.Release|x64.ActiveCfg = Release|x64
		{12CFF5B7-8483-41D8-9C3A-5E2089C95F05}.Release|x64.Build.0 = Release|x64
		{12CFF5B7-8483-41D8-9C3A-5E2089C95F05}.Release|x64.Deploy.0 = Release|x64
		{CBAC60DE-8F36-43E7-9825-EF422490CB81}.Debug|Win32.ActiveCfg = Debug|Win32
		{CBAC60DE-8F36-43E7-9825-EF422490CB81}.Debug|Win32.Build.0 = Debug|Win32
		{CBAC60DE-8F36-43E7-9825-EF422490CB81}.Debug|Win32.Deploy.0 = Debug|Win32
		{CBAC60DE-8F36-43E7-9825-EF422490CB81}.Debug|x64.ActiveCfg = Debug|x64
		{CBAC60DE-8F36-43E7-9825-EF422490CB81}.Debug|x64.Build.0 = Debug|x64
		{CBAC60DE-8F36-43E7-9825-EF422490CB81}.Debug|x64.Deploy.0 = Debug|x64
		{CBAC60DE-8F36-43E7-9825-EF422490CB81}.Release|Win32.ActiveCfg = Release|Win32
		{CBAC60DE-8F36-43E7-9825-EF422490CB81}.Release|Win32.Build.0 = Release|Win32
		{CBAC60DE-8F36-43E7-9825-EF422490CB81}.Release|Win32.Deploy.0 = Release|Win32
		{CBAC60DE-8F36-43E7-9825-EF422490CB81}.Release|x64.ActiveCfg = Release|x64
		{CBAC60DE-8F36-43E7-9825-EF422490CB81}.Release|x64.Build.0 = Release|x64
		{CBAC60DE-8F36-43E7-9825-EF422490CB81}.Release|x64.Deploy.0 = Release|x64
		{FA4A2A0F-0208-4E7E-B9B7-B787737AC969}.Debug|Win32.ActiveCfg = Debug|Win32
		{FA4A2A0F-0208-4E7E-B9B7-B787737AC969}.Debug|Win32.Build.0 = Debug|Win32
		{FA4A2A0F-0208-4E7E-B9B7-B787737AC969}.Debug|Win32.Deploy.0 = Debug|Win32
		{FA4A2A0F-0208-4E7E-B9B7-B787737AC969}.Debug|x64.ActiveCfg = Debug|x64
		{FA4A2A0F-0208-4E7E-B9B7-B787737AC969}.Debug|x64.Build.0 = Debug|x64
		{FA4A2A0F-0208-4E7E-B9B7-B787737AC969}.Debug|x64.Deploy.0 = Debug|x64
		{FA4A2A0F-0208-4E7E-B9B7-B787737AC969}.Release|Win32.ActiveCfg = Release|Win32
		{FA4A2A0F-0208-4E7E-B9B7-B787737AC969}.Release|Win32.Build.0 = Release|Win32
		{FA4A2A0F-0208-4E7E-B9B7-B787737AC969}.Release|Win32.Deploy.0 = Release|Win32
		{FA4A2A0F-0208-4E7E-B9B7-B787737AC969}.Release|x64.ActiveCfg = Release|x64
		{FA4A2A0F-0208-4E7E-B9B7-B787737AC969}.Release|x64.Build.0 = Release|x64
		{FA4A2A0F-0208-4E7E-B9B7-B787737AC969}.Release|x64.Deploy.0 = Release|x64
		{C2609A7A-0938-49FC-9573-ED8589DCA245}.Debug|Win32.ActiveCfg = Debug|Win32
		{C2609A7A-0938-49FC-9573-ED8589DCA245}.Debug|Win32.Build.0 = Debug|Win32
		{C2609A7A-0938-49FC-9573-ED8589DCA245}.Debug|Win32.Deploy.0 = Debug|Win32
		{C2609A7A-0938-49FC-9573-ED8589DCA245}.Debug|x64.ActiveCfg = Debug|x64
		{C2609A7A-0938-49FC-9573-ED8589DCA245}.Debug|x64.Build.0 = Debug|x64
		{C2609A7A-0938-49FC-9573-ED8589DCA245}.Debug|x64.Deploy.0 = Debug|x64
		{C2609A7A-0938-49FC-9573-ED8589DCA245}.Release|Win32.ActiveCfg = Release|Win32
		{C2609A7A-0938-49FC-9573-ED8589DCA245}.Release|Win32.Build.0 = Release|Win32
		{C2609A7A-0938-49FC-9573-ED8589DCA245}.Release|Win32.Deploy.0 = Release|Win32
		{C2609A7A-0938-49FC-9573-ED8589DCA245}.Release|x64.ActiveCfg = Release|x64
		{C2609A7A-0938-49FC-9573-ED8589DCA245}.Release|x64.Build.0 = Release|x64
		{C2609A7A-0938-49FC-9573-ED8589DCA245}.Release|x64.Deploy.0 = Release|x64
		{A7EE1EEE-C339-4EFA-846D-EC74DE73EB99}.Debug|Win32.ActiveCfg = Debug|Win32
		{A7EE1EEE-C339-4EFA-846D-EC74DE73EB99}.Debug|Win32.Build.0 = Debug|Win32
		{A7EE1EEE-C339-4EFA-846D-EC74DE73EB99}.Debug|Win32.Deploy.0 = Debug|Win32
		{A7EE1EEE-C339-4EFA-846D-EC74DE73EB99}.Debug|x64.ActiveCfg = Debug|x64
		{A7EE1EEE-C339-4EFA-846D-EC74DE73EB99}.Debug|x64.Build.0 = Debug|x64
		{A7EE1EEE-C339-4EFA-846D-EC74DE73EB99}.Debug|x64.Deploy.0 = Debug|x64
		{A7EE1EEE-C339-4EFA-846D-EC74DE73EB99}.Release|Win32.ActiveCfg = Release|Win32
		{A7EE1EEE-C339-4EFA-846D-EC74DE73EB99}.Release|Win32.Build.0 = Release|Win32
		{A7EE1EEE-C339-4EFA-846D-EC74DE73EB99}.Release|Win32.Deploy.0 = Release|Win32
		{A7EE1EEE-C339-4EFA-846D-EC74DE73EB99}.Release|x64.ActiveCfg = Release|x64
		{A7EE1EEE-C339-4EFA-846D-EC74DE73EB99}.Release|x64.Build.0 = Release|x64
		{A7EE1EEE-C339-4EFA-846D-EC74DE73EB99}.Release|x64.Deploy.0 = Release|x64
		{46757884-23A6-40AF-A98F-4FCD5D867B56}.Debug|Win32.ActiveCfg = Debug|Win32
		{46757884-23A6-40AF-A98F-4FCD5D867B56}.Debug|Win32.Build.0 = Debug|Win32
		{46757884-23A6-40AF-A98F-4FCD5D867B56}.Debug|Win32.Deploy.0 = Debug|Win32
		{46757884-23A6-40AF-A98F-4FCD5D867B56}.Debug|x64.ActiveCfg = Debug|x64
		{46757884-23A6-40AF-A98F-4FCD5D867B56}.Debug|x64.Build.0 = Debug|x64
		{46757884-23A6-40AF-A98F-4FCD5D867B56}.Debug|x64.Deploy.0 = Debug|x64
		{46757884-23A6-40AF-A98F-4FCD5D867B56}.Release|Win32.ActiveCfg = Release|Win32
		{46757884-23A6-40AF-A98F-4FCD5D867B56}.Release|Win32.Build.0 = Release|Win32
		{46757884-23A6-40AF-A98F-4FCD5D867B56}.Release|Win32.Deploy.0 = Release|Win32
		{46757884-23A6-40AF-A98F-4FCD5D867B56}.Release|x64.ActiveCfg = Release|x64
		{46757884-23A6-40AF-A98F-4FCD5D867B56}.Release|x64.Build.0 = Release|x64
		{46757884-23A6-40AF-A98F-4FCD5D867B56}.Release|x64.Deploy.0 = Release|x64
		{6AD34ABB-613E-4CF0-909F-ED66D685E0A8}.Debug|Win32.ActiveCfg = Debug|Win32
		{6AD34ABB-613E-4CF0-909F-ED66D685E0A8}.Debug|Win32.Build.0 = Debug|Win32
		{6AD34ABB-613E-4CF0-909F-ED66D685E0A8}.Debug|Win32.Deploy.0 = Debug|Win32
		{6AD34ABB-613E-4CF0-909F-ED66D685E0A8}.Debug|x64.ActiveCfg = Debug|x64
		{6AD34ABB-613E-4CF0-909F-ED66D685E0A8}.Debug|x64.Build.0 = Debug|x64
		{6AD34ABB-613E-4CF0-909F-ED66D685E0A8}.Debug|x64.Deploy.0 = Debug|x64
		{6AD34ABB-613E-4CF0-909F-ED66D685E0A8}.Release|Win32.ActiveCfg = Release|Win32
		{6AD34ABB-613E-4CF0-909F-ED66D685E0A8}.Release|Win32.Build.0 = Release|Win32
		{6AD34ABB-613E-4CF0-909F-ED66D685E0A8}.Release|Win32.Deploy.0 = Release|Win32
		{6AD34ABB-613E-4CF0-909F-ED66D685E0A8}.Release|x64.ActiveCfg = Release|x64
		{6AD34ABB-613E-4CF0-909F-ED66D685E0A8}.Release|x64.Build.0 = Release|x64
		{6AD34ABB-613E-4CF0-909F-ED66D685E0A8}.Release|x64.Deploy.0 = Release|x64
	EndGlobalSection
	GlobalSection(SolutionProperties) = preSolution
		HideSolutionNode = FALSE
	EndGlobalSection
EndGlobal
